
Microsoft Visual Studio Solution File, Format Version 12.00
# Visual Studio Version 17
VisualStudioVersion = 17.14.36811.4 d17.14
MinimumVisualStudioVersion = 10.0.40219.1
Project("{FAE04EC0-301F-11D3-BF4B-00C04F79EFBC}") = "ALibCore", "..\SolCore\ALibCore\ALibCore.csproj", "{22FDA992-EB8B-FF70-0906-5B831E6F14DC}"
EndProject
Project("{2150E333-8FDC-42A3-9474-1A3956D46DE8}") = "extern", "extern", "{02EA681E-C7D8-13C7-8484-4AC65E1B71E8}"
EndProject
Project("{FAE04EC0-301F-11D3-BF4B-00C04F79EFBC}") = "ZLibStd", "..\SolCore\ZLibStd\ZLibStd.csproj", "{D33C9723-7E1A-95CF-0FD3-AEC119CED521}"
EndProject
Project("{FAE04EC0-301F-11D3-BF4B-00C04F79EFBC}") = "BLibUtil", "BLibUtil\BLibUtil.csproj", "{6DF36F83-0AF8-4F11-AE9D-C47437777537}"
EndProject
Project("{FAE04EC0-301F-11D3-BF4B-00C04F79EFBC}") = "CLibApp", "CLibApp\CLibApp.csproj", "{A7DF5D52-023A-401C-85B1-EE1A6F7C1549}"
EndProject
Global
	GlobalSection(SolutionConfigurationPlatforms) = preSolution
		Debug|Any CPU = Debug|Any CPU
		Release|Any CPU = Release|Any CPU
	EndGlobalSection
	GlobalSection(ProjectConfigurationPlatforms) = postSolution
		{22FDA992-EB8B-FF70-0906-5B831E6F14DC}.Debug|Any CPU.ActiveCfg = Debug|Any CPU
		{22FDA992-EB8B-FF70-0906-5B831E6F14DC}.Debug|Any CPU.Build.0 = Debug|Any CPU
		{22FDA992-EB8B-FF70-0906-5B831E6F14DC}.Release|Any CPU.ActiveCfg = Release|Any CPU
		{22FDA992-EB8B-FF70-0906-5B831E6F14DC}.Release|Any CPU.Build.0 = Release|Any CPU
		{D33C9723-7E1A-95CF-0FD3-AEC119CED521}.Debug|Any CPU.ActiveCfg = Debug|Any CPU
		{D33C9723-7E1A-95CF-0FD3-AEC119CED521}.Debug|Any CPU.Build.0 = Debug|Any CPU
		{D33C9723-7E1A-95CF-0FD3-AEC119CED521}.Release|Any CPU.ActiveCfg = Release|Any CPU
		{D33C9723-7E1A-95CF-0FD3-AEC119CED521}.Release|Any CPU.Build.0 = Release|Any CPU
		{6DF36F83-0AF8-4F11-AE9D-C47437777537}.Debug|Any CPU.ActiveCfg = Debug|Any CPU
		{6DF36F83-0AF8-4F11-AE9D-C47437777537}.Debug|Any CPU.Build.0 = Debug|Any CPU
		{6DF36F83-0AF8-4F11-AE9D-C47437777537}.Release|Any CPU.ActiveCfg = Release|Any CPU
		{6DF36F83-0AF8-4F11-AE9D-C47437777537}.Release|Any CPU.Build.0 = Release|Any CPU
		{A7DF5D52-023A-401C-85B1-EE1A6F7C1549}.Debug|Any CPU.ActiveCfg = Debug|Any CPU
		{A7DF5D52-023A-401C-85B1-EE1A6F7C1549}.Debug|Any CPU.Build.0 = Debug|Any CPU
		{A7DF5D52-023A-401C-85B1-EE1A6F7C1549}.Release|Any CPU.ActiveCfg = Release|Any CPU
		{A7DF5D52-023A-401C-85B1-EE1A6F7C1549}.Release|Any CPU.Build.0 = Release|Any CPU
	EndGlobalSection
	GlobalSection(SolutionProperties) = preSolution
		HideSolutionNode = FALSE
	EndGlobalSection
	GlobalSection(NestedProjects) = preSolution
		{22FDA992-EB8B-FF70-0906-5B831E6F14DC} = {02EA681E-C7D8-13C7-8484-4AC65E1B71E8}
		{D33C9723-7E1A-95CF-0FD3-AEC119CED521} = {02EA681E-C7D8-13C7-8484-4AC65E1B71E8}
	EndGlobalSection
	GlobalSection(ExtensibilityGlobals) = postSolution
		SolutionGuid = {6751FB92-7667-4B32-A59A-EBB91E1A02FE}
	EndGlobalSection
EndGlobal
