
Microsoft Visual Studio Solution File, Format Version 12.00
# Visual Studio Version 17
VisualStudioVersion = 17.14.36811.4
MinimumVisualStudioVersion = 10.0.40219.1
Project("{2150E333-8FDC-42A3-9474-1A3956D46DE8}") = "Client", "Client", "{02EA681E-C7D8-13C7-8484-4AC65E1B71E8}"
EndProject
Project("{FAE04EC0-301F-11D3-BF4B-00C04F79EFBC}") = "RpcCommon", "..\RpcFramework\RpcCommon\RpcCommon.csproj", "{C7225A87-D7E1-4D63-BD46-81027DCC35D3}"
EndProject
Project("{FAE04EC0-301F-11D3-BF4B-00C04F79EFBC}") = "RpcClientProxyGenerator", "..\RpcFramework\RpcClientProxyGenerator\RpcClientProxyGenerator.csproj", "{EB725CD3-3145-AD39-97BF-AF63C844CA0A}"
EndProject
Project("{FAE04EC0-301F-11D3-BF4B-00C04F79EFBC}") = "RpcClient", "..\RpcFramework\RpcClient\RpcClient.csproj", "{5E07FEAF-3211-4AFD-BD0B-E15BD1FFB2CD}"
EndProject
Project("{2150E333-8FDC-42A3-9474-1A3956D46DE8}") = "Common", "Common", "{B3C8D6BB-D6EC-4E09-90D9-A422ADB6D882}"
EndProject
Project("{FAE04EC0-301F-11D3-BF4B-00C04F79EFBC}") = "RpcClientWinFormsControls", "..\RpcFramework\RpcClientWinFormsControls\RpcClientWinFormsControls.csproj", "{E768A38C-705B-4403-97AF-837FC796686B}"
EndProject
Project("{FAE04EC0-301F-11D3-BF4B-00C04F79EFBC}") = "RpcServer", "..\RpcFramework\RpcServer\RpcServer.csproj", "{2EEFDD0C-B9B3-4C3E-B004-640BC09DD048}"
EndProject
Project("{2150E333-8FDC-42A3-9474-1A3956D46DE8}") = "Server", "Server", "{C98AAA9B-F0F6-4D70-98E3-05EA520BC65C}"
EndProject
Project("{2150E333-8FDC-42A3-9474-1A3956D46DE8}") = "RpcFramework", "RpcFramework", "{BA531D65-5D1F-4456-BE34-2BA7BE6D011B}"
EndProject
Project("{2150E333-8FDC-42A3-9474-1A3956D46DE8}") = "AppTemplate", "AppTemplate", "{1E3C41A3-3A60-4AA3-953D-77F553C5DB2B}"
EndProject
Project("{2150E333-8FDC-42A3-9474-1A3956D46DE8}") = "Client", "Client", "{61393478-283E-4C75-AB31-4EAE957059E8}"
EndProject
Project("{2150E333-8FDC-42A3-9474-1A3956D46DE8}") = "Common", "Common", "{457A611D-3A10-43D8-BB0A-C8FE4C807EBD}"
EndProject
Project("{2150E333-8FDC-42A3-9474-1A3956D46DE8}") = "Server", "Server", "{A7A8F107-AFE1-4E33-8AF6-23992D43E84B}"
EndProject
Project("{FAE04EC0-301F-11D3-BF4B-00C04F79EFBC}") = "CommonContract", "Common\CommonContract\CommonContract.csproj", "{4F916D57-14D1-8464-FBBD-68B80ADF3F22}"
EndProject
Project("{FAE04EC0-301F-11D3-BF4B-00C04F79EFBC}") = "ServerService", "Server\ServerService\ServerService.csproj", "{15C0A085-B165-448C-B22C-E57A51FD72DC}"
EndProject
Project("{FAE04EC0-301F-11D3-BF4B-00C04F79EFBC}") = "ServerBiz", "Server\ServerBiz\ServerBiz.csproj", "{B1CFE8E4-3537-49FC-9AE5-499D2C8CB3BF}"
EndProject
Project("{FAE04EC0-301F-11D3-BF4B-00C04F79EFBC}") = "CommonBcl", "Common\CommonBcl\CommonBcl.csproj", "{10166C32-E719-4F06-A45E-AA67C9EAB396}"
EndProject
Project("{FAE04EC0-301F-11D3-BF4B-00C04F79EFBC}") = "ServerHost", "Server\ServerHost\ServerHost.csproj", "{CCE4D8FC-1518-4D37-AD53-BC6C3706C497}"
EndProject
Project("{FAE04EC0-301F-11D3-BF4B-00C04F79EFBC}") = "ServerApp", "Server\ServerApp\ServerApp.csproj", "{BC083A9F-CCF4-4942-B6C2-79D6476E07A8}"
EndProject
Project("{FAE04EC0-301F-11D3-BF4B-00C04F79EFBC}") = "ClientProxy", "Client\ClientProxy\ClientProxy.csproj", "{616AACAB-5452-4051-8DB7-4FF8F886608A}"
EndProject
Project("{FAE04EC0-301F-11D3-BF4B-00C04F79EFBC}") = "ClientLib", "Client\ClientLib\ClientLib.csproj", "{20BDFF65-7EB0-4786-A595-B587A8A95AF0}"
EndProject
Project("{FAE04EC0-301F-11D3-BF4B-00C04F79EFBC}") = "ClientConsoleApp", "Client\ClientConsoleApp\ClientConsoleApp.csproj", "{EFA173E1-539B-47D2-ABC9-4BA55CF210F0}"
EndProject
Project("{FAE04EC0-301F-11D3-BF4B-00C04F79EFBC}") = "ClientGuiApp", "Client\ClientGuiApp\ClientGuiApp.csproj", "{BA961D0F-CA75-45AF-8BAA-8205F728FBC0}"
EndProject
Global
	GlobalSection(SolutionConfigurationPlatforms) = preSolution
		Debug|Any CPU = Debug|Any CPU
		Release|Any CPU = Release|Any CPU
	EndGlobalSection
	GlobalSection(ProjectConfigurationPlatforms) = postSolution
		{C7225A87-D7E1-4D63-BD46-81027DCC35D3}.Debug|Any CPU.ActiveCfg = Debug|Any CPU
		{C7225A87-D7E1-4D63-BD46-81027DCC35D3}.Debug|Any CPU.Build.0 = Debug|Any CPU
		{C7225A87-D7E1-4D63-BD46-81027DCC35D3}.Release|Any CPU.ActiveCfg = Release|Any CPU
		{C7225A87-D7E1-4D63-BD46-81027DCC35D3}.Release|Any CPU.Build.0 = Release|Any CPU
		{EB725CD3-3145-AD39-97BF-AF63C844CA0A}.Debug|Any CPU.ActiveCfg = Debug|Any CPU
		{EB725CD3-3145-AD39-97BF-AF63C844CA0A}.Debug|Any CPU.Build.0 = Debug|Any CPU
		{EB725CD3-3145-AD39-97BF-AF63C844CA0A}.Release|Any CPU.ActiveCfg = Release|Any CPU
		{EB725CD3-3145-AD39-97BF-AF63C844CA0A}.Release|Any CPU.Build.0 = Release|Any CPU
		{5E07FEAF-3211-4AFD-BD0B-E15BD1FFB2CD}.Debug|Any CPU.ActiveCfg = Debug|Any CPU
		{5E07FEAF-3211-4AFD-BD0B-E15BD1FFB2CD}.Debug|Any CPU.Build.0 = Debug|Any CPU
		{5E07FEAF-3211-4AFD-BD0B-E15BD1FFB2CD}.Release|Any CPU.ActiveCfg = Release|Any CPU
		{5E07FEAF-3211-4AFD-BD0B-E15BD1FFB2CD}.Release|Any CPU.Build.0 = Release|Any CPU
		{E768A38C-705B-4403-97AF-837FC796686B}.Debug|Any CPU.ActiveCfg = Debug|Any CPU
		{E768A38C-705B-4403-97AF-837FC796686B}.Debug|Any CPU.Build.0 = Debug|Any CPU
		{E768A38C-705B-4403-97AF-837FC796686B}.Release|Any CPU.ActiveCfg = Release|Any CPU
		{E768A38C-705B-4403-97AF-837FC796686B}.Release|Any CPU.Build.0 = Release|Any CPU
		{2EEFDD0C-B9B3-4C3E-B004-640BC09DD048}.Debug|Any CPU.ActiveCfg = Debug|Any CPU
		{2EEFDD0C-B9B3-4C3E-B004-640BC09DD048}.Debug|Any CPU.Build.0 = Debug|Any CPU
		{2EEFDD0C-B9B3-4C3E-B004-640BC09DD048}.Release|Any CPU.ActiveCfg = Release|Any CPU
		{2EEFDD0C-B9B3-4C3E-B004-640BC09DD048}.Release|Any CPU.Build.0 = Release|Any CPU
		{4F916D57-14D1-8464-FBBD-68B80ADF3F22}.Debug|Any CPU.ActiveCfg = Debug|Any CPU
		{4F916D57-14D1-8464-FBBD-68B80ADF3F22}.Debug|Any CPU.Build.0 = Debug|Any CPU
		{4F916D57-14D1-8464-FBBD-68B80ADF3F22}.Release|Any CPU.ActiveCfg = Release|Any CPU
		{4F916D57-14D1-8464-FBBD-68B80ADF3F22}.Release|Any CPU.Build.0 = Release|Any CPU
		{15C0A085-B165-448C-B22C-E57A51FD72DC}.Debug|Any CPU.ActiveCfg = Debug|Any CPU
		{15C0A085-B165-448C-B22C-E57A51FD72DC}.Debug|Any CPU.Build.0 = Debug|Any CPU
		{15C0A085-B165-448C-B22C-E57A51FD72DC}.Release|Any CPU.ActiveCfg = Release|Any CPU
		{15C0A085-B165-448C-B22C-E57A51FD72DC}.Release|Any CPU.Build.0 = Release|Any CPU
		{B1CFE8E4-3537-49FC-9AE5-499D2C8CB3BF}.Debug|Any CPU.ActiveCfg = Debug|Any CPU
		{B1CFE8E4-3537-49FC-9AE5-499D2C8CB3BF}.Debug|Any CPU.Build.0 = Debug|Any CPU
		{B1CFE8E4-3537-49FC-9AE5-499D2C8CB3BF}.Release|Any CPU.ActiveCfg = Release|Any CPU
		{B1CFE8E4-3537-49FC-9AE5-499D2C8CB3BF}.Release|Any CPU.Build.0 = Release|Any CPU
		{10166C32-E719-4F06-A45E-AA67C9EAB396}.Debug|Any CPU.ActiveCfg = Debug|Any CPU
		{10166C32-E719-4F06-A45E-AA67C9EAB396}.Debug|Any CPU.Build.0 = Debug|Any CPU
		{10166C32-E719-4F06-A45E-AA67C9EAB396}.Release|Any CPU.ActiveCfg = Release|Any CPU
		{10166C32-E719-4F06-A45E-AA67C9EAB396}.Release|Any CPU.Build.0 = Release|Any CPU
		{CCE4D8FC-1518-4D37-AD53-BC6C3706C497}.Debug|Any CPU.ActiveCfg = Debug|Any CPU
		{CCE4D8FC-1518-4D37-AD53-BC6C3706C497}.Debug|Any CPU.Build.0 = Debug|Any CPU
		{CCE4D8FC-1518-4D37-AD53-BC6C3706C497}.Release|Any CPU.ActiveCfg = Release|Any CPU
		{CCE4D8FC-1518-4D37-AD53-BC6C3706C497}.Release|Any CPU.Build.0 = Release|Any CPU
		{BC083A9F-CCF4-4942-B6C2-79D6476E07A8}.Debug|Any CPU.ActiveCfg = Debug|Any CPU
		{BC083A9F-CCF4-4942-B6C2-79D6476E07A8}.Debug|Any CPU.Build.0 = Debug|Any CPU
		{BC083A9F-CCF4-4942-B6C2-79D6476E07A8}.Release|Any CPU.ActiveCfg = Release|Any CPU
		{BC083A9F-CCF4-4942-B6C2-79D6476E07A8}.Release|Any CPU.Build.0 = Release|Any CPU
		{616AACAB-5452-4051-8DB7-4FF8F886608A}.Debug|Any CPU.ActiveCfg = Debug|Any CPU
		{616AACAB-5452-4051-8DB7-4FF8F886608A}.Debug|Any CPU.Build.0 = Debug|Any CPU
		{616AACAB-5452-4051-8DB7-4FF8F886608A}.Release|Any CPU.ActiveCfg = Release|Any CPU
		{616AACAB-5452-4051-8DB7-4FF8F886608A}.Release|Any CPU.Build.0 = Release|Any CPU
		{20BDFF65-7EB0-4786-A595-B587A8A95AF0}.Debug|Any CPU.ActiveCfg = Debug|Any CPU
		{20BDFF65-7EB0-4786-A595-B587A8A95AF0}.Debug|Any CPU.Build.0 = Debug|Any CPU
		{20BDFF65-7EB0-4786-A595-B587A8A95AF0}.Release|Any CPU.ActiveCfg = Release|Any CPU
		{20BDFF65-7EB0-4786-A595-B587A8A95AF0}.Release|Any CPU.Build.0 = Release|Any CPU
		{EFA173E1-539B-47D2-ABC9-4BA55CF210F0}.Debug|Any CPU.ActiveCfg = Debug|Any CPU
		{EFA173E1-539B-47D2-ABC9-4BA55CF210F0}.Debug|Any CPU.Build.0 = Debug|Any CPU
		{EFA173E1-539B-47D2-ABC9-4BA55CF210F0}.Release|Any CPU.ActiveCfg = Release|Any CPU
		{EFA173E1-539B-47D2-ABC9-4BA55CF210F0}.Release|Any CPU.Build.0 = Release|Any CPU
		{BA961D0F-CA75-45AF-8BAA-8205F728FBC0}.Debug|Any CPU.ActiveCfg = Debug|Any CPU
		{BA961D0F-CA75-45AF-8BAA-8205F728FBC0}.Debug|Any CPU.Build.0 = Debug|Any CPU
		{BA961D0F-CA75-45AF-8BAA-8205F728FBC0}.Release|Any CPU.ActiveCfg = Release|Any CPU
		{BA961D0F-CA75-45AF-8BAA-8205F728FBC0}.Release|Any CPU.Build.0 = Release|Any CPU
	EndGlobalSection
	GlobalSection(SolutionProperties) = preSolution
		HideSolutionNode = FALSE
	EndGlobalSection
	GlobalSection(NestedProjects) = preSolution
		{02EA681E-C7D8-13C7-8484-4AC65E1B71E8} = {BA531D65-5D1F-4456-BE34-2BA7BE6D011B}
		{C7225A87-D7E1-4D63-BD46-81027DCC35D3} = {B3C8D6BB-D6EC-4E09-90D9-A422ADB6D882}
		{EB725CD3-3145-AD39-97BF-AF63C844CA0A} = {02EA681E-C7D8-13C7-8484-4AC65E1B71E8}
		{5E07FEAF-3211-4AFD-BD0B-E15BD1FFB2CD} = {02EA681E-C7D8-13C7-8484-4AC65E1B71E8}
		{B3C8D6BB-D6EC-4E09-90D9-A422ADB6D882} = {BA531D65-5D1F-4456-BE34-2BA7BE6D011B}
		{E768A38C-705B-4403-97AF-837FC796686B} = {02EA681E-C7D8-13C7-8484-4AC65E1B71E8}
		{2EEFDD0C-B9B3-4C3E-B004-640BC09DD048} = {C98AAA9B-F0F6-4D70-98E3-05EA520BC65C}
		{C98AAA9B-F0F6-4D70-98E3-05EA520BC65C} = {BA531D65-5D1F-4456-BE34-2BA7BE6D011B}
		{61393478-283E-4C75-AB31-4EAE957059E8} = {1E3C41A3-3A60-4AA3-953D-77F553C5DB2B}
		{457A611D-3A10-43D8-BB0A-C8FE4C807EBD} = {1E3C41A3-3A60-4AA3-953D-77F553C5DB2B}
		{A7A8F107-AFE1-4E33-8AF6-23992D43E84B} = {1E3C41A3-3A60-4AA3-953D-77F553C5DB2B}
		{4F916D57-14D1-8464-FBBD-68B80ADF3F22} = {457A611D-3A10-43D8-BB0A-C8FE4C807EBD}
		{15C0A085-B165-448C-B22C-E57A51FD72DC} = {A7A8F107-AFE1-4E33-8AF6-23992D43E84B}
		{B1CFE8E4-3537-49FC-9AE5-499D2C8CB3BF} = {A7A8F107-AFE1-4E33-8AF6-23992D43E84B}
		{10166C32-E719-4F06-A45E-AA67C9EAB396} = {457A611D-3A10-43D8-BB0A-C8FE4C807EBD}
		{CCE4D8FC-1518-4D37-AD53-BC6C3706C497} = {A7A8F107-AFE1-4E33-8AF6-23992D43E84B}
		{BC083A9F-CCF4-4942-B6C2-79D6476E07A8} = {A7A8F107-AFE1-4E33-8AF6-23992D43E84B}
		{616AACAB-5452-4051-8DB7-4FF8F886608A} = {61393478-283E-4C75-AB31-4EAE957059E8}
		{20BDFF65-7EB0-4786-A595-B587A8A95AF0} = {61393478-283E-4C75-AB31-4EAE957059E8}
		{EFA173E1-539B-47D2-ABC9-4BA55CF210F0} = {61393478-283E-4C75-AB31-4EAE957059E8}
		{BA961D0F-CA75-45AF-8BAA-8205F728FBC0} = {61393478-283E-4C75-AB31-4EAE957059E8}
	EndGlobalSection
	GlobalSection(ExtensibilityGlobals) = postSolution
		SolutionGuid = {7503E7F7-C39A-425C-AC49-42CA504316BB}
	EndGlobalSection
EndGlobal
