
Microsoft Visual Studio Solution File, Format Version 12.00
# Visual Studio Version 17
VisualStudioVersion = 17.14.36811.4
MinimumVisualStudioVersion = 10.0.40219.1
Project("{2150E333-8FDC-42A3-9474-1A3956D46DE8}") = "extern", "extern", "{02EA681E-C7D8-13C7-8484-4AC65E1B71E8}"
EndProject
Project("{FAE04EC0-301F-11D3-BF4B-00C04F79EFBC}") = "ZLibStd", "..\SolCore\ZLibStd\ZLibStd.csproj", "{D33C9723-7E1A-95CF-0FD3-AEC119CED521}"
EndProject
Project("{FAE04EC0-301F-11D3-BF4B-00C04F79EFBC}") = "ALibCore", "..\SolCore\ALibCore\ALibCore.csproj", "{22FDA992-EB8B-FF70-0906-5B831E6F14DC}"
EndProject
Project("{D954291E-2A0B-460D-934E-DC6B0785DB48}") = "SSharedStuff", "SSharedStuff\SSharedStuff.shproj", "{A38D9742-4369-411A-AB1C-7AC89EE648E6}"
EndProject
Project("{FAE04EC0-301F-11D3-BF4B-00C04F79EFBC}") = "FSharedApp", "FSharedApp\FSharedApp.csproj", "{217BD515-6BE4-411F-BB1F-738564284B13}"
EndProject
Project("{2150E333-8FDC-42A3-9474-1A3956D46DE8}") = "partial", "partial", "{DBF504FA-EF8D-4438-AB30-87113AE2E232}"
EndProject
Global
	GlobalSection(SolutionConfigurationPlatforms) = preSolution
		Debug|Any CPU = Debug|Any CPU
		Release|Any CPU = Release|Any CPU
	EndGlobalSection
	GlobalSection(ProjectConfigurationPlatforms) = postSolution
		{D33C9723-7E1A-95CF-0FD3-AEC119CED521}.Debug|Any CPU.ActiveCfg = Debug|Any CPU
		{D33C9723-7E1A-95CF-0FD3-AEC119CED521}.Debug|Any CPU.Build.0 = Debug|Any CPU
		{D33C9723-7E1A-95CF-0FD3-AEC119CED521}.Release|Any CPU.ActiveCfg = Release|Any CPU
		{D33C9723-7E1A-95CF-0FD3-AEC119CED521}.Release|Any CPU.Build.0 = Release|Any CPU
		{22FDA992-EB8B-FF70-0906-5B831E6F14DC}.Debug|Any CPU.ActiveCfg = Debug|Any CPU
		{22FDA992-EB8B-FF70-0906-5B831E6F14DC}.Debug|Any CPU.Build.0 = Debug|Any CPU
		{22FDA992-EB8B-FF70-0906-5B831E6F14DC}.Release|Any CPU.ActiveCfg = Release|Any CPU
		{22FDA992-EB8B-FF70-0906-5B831E6F14DC}.Release|Any CPU.Build.0 = Release|Any CPU
		{217BD515-6BE4-411F-BB1F-738564284B13}.Debug|Any CPU.ActiveCfg = Debug|Any CPU
		{217BD515-6BE4-411F-BB1F-738564284B13}.Debug|Any CPU.Build.0 = Debug|Any CPU
		{217BD515-6BE4-411F-BB1F-738564284B13}.Release|Any CPU.ActiveCfg = Release|Any CPU
		{217BD515-6BE4-411F-BB1F-738564284B13}.Release|Any CPU.Build.0 = Release|Any CPU
	EndGlobalSection
	GlobalSection(SolutionProperties) = preSolution
		HideSolutionNode = FALSE
	EndGlobalSection
	GlobalSection(NestedProjects) = preSolution
		{D33C9723-7E1A-95CF-0FD3-AEC119CED521} = {02EA681E-C7D8-13C7-8484-4AC65E1B71E8}
		{22FDA992-EB8B-FF70-0906-5B831E6F14DC} = {02EA681E-C7D8-13C7-8484-4AC65E1B71E8}
		{A38D9742-4369-411A-AB1C-7AC89EE648E6} = {DBF504FA-EF8D-4438-AB30-87113AE2E232}
	EndGlobalSection
	GlobalSection(ExtensibilityGlobals) = postSolution
		SolutionGuid = {D44ADF0E-ECA7-4884-A263-2FC064EFC49E}
	EndGlobalSection
	GlobalSection(SharedMSBuildProjectFiles) = preSolution
		SSharedStuff\SSharedStuff.projitems*{217bd515-6be4-411f-bb1f-738564284b13}*SharedItemsImports = 5
		SSharedStuff\SSharedStuff.projitems*{a38d9742-4369-411a-ab1c-7ac89ee648e6}*SharedItemsImports = 13
	EndGlobalSection
EndGlobal
