
Microsoft Visual Studio Solution File, Format Version 12.00
# Visual Studio Version 17
VisualStudioVersion = 17.14.36811.4
MinimumVisualStudioVersion = 10.0.40219.1
Project("{2150E333-8FDC-42A3-9474-1A3956D46DE8}") = "extern", "extern", "{02EA681E-C7D8-13C7-8484-4AC65E1B71E8}"
EndProject
Project("{FAE04EC0-301F-11D3-BF4B-00C04F79EFBC}") = "ALibCore", "..\SolCore\ALibCore\ALibCore.csproj", "{22FDA992-EB8B-FF70-0906-5B831E6F14DC}"
EndProject
Project("{FAE04EC0-301F-11D3-BF4B-00C04F79EFBC}") = "BLibUtil", "..\SolApp\BLibUtil\BLibUtil.csproj", "{0BDE1F9E-3E96-D4AA-F1EE-4B2271DB4C9B}"
EndProject
Project("{FAE04EC0-301F-11D3-BF4B-00C04F79EFBC}") = "ZLibStd", "..\SolCore\ZLibStd\ZLibStd.csproj", "{D33C9723-7E1A-95CF-0FD3-AEC119CED521}"
EndProject
Project("{FAE04EC0-301F-11D3-BF4B-00C04F79EFBC}") = "DLibPlugin", "..\SolPlugin\DLibPlugin\DLibPlugin.csproj", "{E50C1070-B5E4-9B98-C77A-E55EF79AF429}"
EndProject
Project("{FAE04EC0-301F-11D3-BF4B-00C04F79EFBC}") = "ELibWithLinks", "..\SolLinks\ELibWithLinks\ELibWithLinks.csproj", "{FB3A7B49-B0D0-6E5E-D2C7-44E4A3D60634}"
EndProject
Project("{D954291E-2A0B-460D-934E-DC6B0785DB48}") = "SSharedStuff", "..\SolShared\SSharedStuff\SSharedStuff.shproj", "{A38D9742-4369-411A-AB1C-7AC89EE648E6}"
EndProject
Project("{FAE04EC0-301F-11D3-BF4B-00C04F79EFBC}") = "GMixedApp", "GMixedApp\GMixedApp.csproj", "{0FAAC864-BC77-482F-A4BB-DD6E64F4EEC0}"
EndProject
Global
	GlobalSection(SolutionConfigurationPlatforms) = preSolution
		Debug|Any CPU = Debug|Any CPU
		Release|Any CPU = Release|Any CPU
	EndGlobalSection
	GlobalSection(ProjectConfigurationPlatforms) = postSolution
		{22FDA992-EB8B-FF70-0906-5B831E6F14DC}.Debug|Any CPU.ActiveCfg = Debug|Any CPU
		{22FDA992-EB8B-FF70-0906-5B831E6F14DC}.Debug|Any CPU.Build.0 = Debug|Any CPU
		{22FDA992-EB8B-FF70-0906-5B831E6F14DC}.Release|Any CPU.ActiveCfg = Release|Any CPU
		{22FDA992-EB8B-FF70-0906-5B831E6F14DC}.Release|Any CPU.Build.0 = Release|Any CPU
		{0BDE1F9E-3E96-D4AA-F1EE-4B2271DB4C9B}.Debug|Any CPU.ActiveCfg = Debug|Any CPU
		{0BDE1F9E-3E96-D4AA-F1EE-4B2271DB4C9B}.Debug|Any CPU.Build.0 = Debug|Any CPU
		{0BDE1F9E-3E96-D4AA-F1EE-4B2271DB4C9B}.Release|Any CPU.ActiveCfg = Release|Any CPU
		{0BDE1F9E-3E96-D4AA-F1EE-4B2271DB4C9B}.Release|Any CPU.Build.0 = Release|Any CPU
		{D33C9723-7E1A-95CF-0FD3-AEC119CED521}.Debug|Any CPU.ActiveCfg = Debug|Any CPU
		{D33C9723-7E1A-95CF-0FD3-AEC119CED521}.Debug|Any CPU.Build.0 = Debug|Any CPU
		{D33C9723-7E1A-95CF-0FD3-AEC119CED521}.Release|Any CPU.ActiveCfg = Release|Any CPU
		{D33C9723-7E1A-95CF-0FD3-AEC119CED521}.Release|Any CPU.Build.0 = Release|Any CPU
		{E50C1070-B5E4-9B98-C77A-E55EF79AF429}.Debug|Any CPU.ActiveCfg = Debug|Any CPU
		{E50C1070-B5E4-9B98-C77A-E55EF79AF429}.Debug|Any CPU.Build.0 = Debug|Any CPU
		{E50C1070-B5E4-9B98-C77A-E55EF79AF429}.Release|Any CPU.ActiveCfg = Release|Any CPU
		{E50C1070-B5E4-9B98-C77A-E55EF79AF429}.Release|Any CPU.Build.0 = Release|Any CPU
		{FB3A7B49-B0D0-6E5E-D2C7-44E4A3D60634}.Debug|Any CPU.ActiveCfg = Debug|Any CPU
		{FB3A7B49-B0D0-6E5E-D2C7-44E4A3D60634}.Debug|Any CPU.Build.0 = Debug|Any CPU
		{FB3A7B49-B0D0-6E5E-D2C7-44E4A3D60634}.Release|Any CPU.ActiveCfg = Release|Any CPU
		{FB3A7B49-B0D0-6E5E-D2C7-44E4A3D60634}.Release|Any CPU.Build.0 = Release|Any CPU
		{0FAAC864-BC77-482F-A4BB-DD6E64F4EEC0}.Debug|Any CPU.ActiveCfg = Debug|Any CPU
		{0FAAC864-BC77-482F-A4BB-DD6E64F4EEC0}.Debug|Any CPU.Build.0 = Debug|Any CPU
		{0FAAC864-BC77-482F-A4BB-DD6E64F4EEC0}.Release|Any CPU.ActiveCfg = Release|Any CPU
		{0FAAC864-BC77-482F-A4BB-DD6E64F4EEC0}.Release|Any CPU.Build.0 = Release|Any CPU
	EndGlobalSection
	GlobalSection(SolutionProperties) = preSolution
		HideSolutionNode = FALSE
	EndGlobalSection
	GlobalSection(NestedProjects) = preSolution
		{22FDA992-EB8B-FF70-0906-5B831E6F14DC} = {02EA681E-C7D8-13C7-8484-4AC65E1B71E8}
		{0BDE1F9E-3E96-D4AA-F1EE-4B2271DB4C9B} = {02EA681E-C7D8-13C7-8484-4AC65E1B71E8}
		{D33C9723-7E1A-95CF-0FD3-AEC119CED521} = {02EA681E-C7D8-13C7-8484-4AC65E1B71E8}
		{E50C1070-B5E4-9B98-C77A-E55EF79AF429} = {02EA681E-C7D8-13C7-8484-4AC65E1B71E8}
		{FB3A7B49-B0D0-6E5E-D2C7-44E4A3D60634} = {02EA681E-C7D8-13C7-8484-4AC65E1B71E8}
		{A38D9742-4369-411A-AB1C-7AC89EE648E6} = {02EA681E-C7D8-13C7-8484-4AC65E1B71E8}
	EndGlobalSection
	GlobalSection(ExtensibilityGlobals) = postSolution
		SolutionGuid = {3D205459-D44F-44E8-BA73-69DAEC88A30F}
	EndGlobalSection
	GlobalSection(SharedMSBuildProjectFiles) = preSolution
		..\SolShared\SSharedStuff\SSharedStuff.projitems*{a38d9742-4369-411a-ab1c-7ac89ee648e6}*SharedItemsImports = 13
		..\SolShared\SSharedStuff\SSharedStuff.projitems*{e50c1070-b5e4-9b98-c77a-e55ef79af429}*SharedItemsImports = 5
	EndGlobalSection
EndGlobal
